{
  "name": "frontend-build-deps",
  "version": "0.0.0",
  "lockfileVersion": 3,
  "requires": true,
  "packages": {
    "": {
      "name": "frontend-build-deps",
      "version": "0.0.0",
      "devDependencies": {
        "esbuild-wasm": "^0.28.0"
      }
    },
    "node_modules/esbuild-wasm": {
      "version": "0.28.0",
      "resolved": "https://registry.npmjs.org/esbuild-wasm/-/esbuild-wasm-0.28.0.tgz",
      "integrity": "sha512-5TRVKExcEmeMkccIZMzUq+Az6X2RoMAJyfl6SMMO1dMVhmvt0I2mx7gAb6zYi42n4d1ETcatFXazGKzA+aW7fg==",
      "dev": true,
      "license": "MIT",
      "bin": {
        "esbuild": "bin/esbuild"
      },
      "engines": {
        "node": ">=18"
      }
    }
  }
}
